// !$*UTF8*$!
{
	archiveVersion = 1;
	classes = {
	};
	objectVersion = 77;
	objects = {

/* Begin PBXBuildFile section */
		701E50AE2F1D1ABF00A4F241 /* Lottie in Frameworks */ = {isa = PBXBuildFile; productRef = 701E50AD2F1D1ABF00A4F241 /* Lottie */; };
		705210B42E9645B8003CC707 /* WidgetKit.framework in Frameworks */ = {isa = PBXBuildFile; fileRef = 705210B32E9645B8003CC707 /* WidgetKit.framework */; };
		705210B62E9645B8003CC707 /* SwiftUI.framework in Frameworks */ = {isa = PBXBuildFile; fileRef = 705210B52E9645B8003CC707 /* SwiftUI.framework */; };
		705210C72E9645BA003CC707 /* PeeLogWidgetExtension.appex in Embed Foundation Extensions */ = {isa = PBXBuildFile; fileRef = 705210B22E9645B8003CC707 /* PeeLogWidgetExtension.appex */; settings = {ATTRIBUTES = (RemoveHeadersOnCopy, ); }; };
		70A2EA942E472D83002D4947 /* FirebaseFirestore in Frameworks */ = {isa = PBXBuildFile; productRef = 70A2EA932E472D83002D4947 /* FirebaseFirestore */; };
		70C1D20F2F1CB00800F21C94 /* PeeLogStoreKit.storekit in Resources */ = {isa = PBXBuildFile; fileRef = 70C1D20E2F1CB00800F21C94 /* PeeLogStoreKit.storekit */; };
		70C2FFA32E2CE06200878AED /* FirebaseAnalytics in Frameworks */ = {isa = PBXBuildFile; productRef = 70C2FFA22E2CE06200878AED /* FirebaseAnalytics */; };
		70C2FFA52E2CE06200878AED /* FirebaseAuth in Frameworks */ = {isa = PBXBuildFile; productRef = 70C2FFA42E2CE06200878AED /* FirebaseAuth */; };
		70D2AA132F1A2B3C4D5E6F70 /* FirebaseFunctions in Frameworks */ = {isa = PBXBuildFile; productRef = 70D2AA112F1A2B3C4D5E6F70 /* FirebaseFunctions */; };
/* End PBXBuildFile section */

/* Begin PBXContainerItemProxy section */
		705210C52E9645BA003CC707 /* PBXContainerItemProxy */ = {
			isa = PBXContainerItemProxy;
			containerPortal = 709FDFA72DCA6AD900185FE3 /* Project object */;
			proxyType = 1;
			remoteGlobalIDString = 705210B12E9645B8003CC707;
			remoteInfo = PeeLogWidgetExtension;
		};
		709FDFBF2DCA6ADC00185FE3 /* PBXContainerItemProxy */ = {
			isa = PBXContainerItemProxy;
			containerPortal = 709FDFA72DCA6AD900185FE3 /* Project object */;
			proxyType = 1;
			remoteGlobalIDString = 709FDFAE2DCA6AD900185FE3;
			remoteInfo = PeeLog;
		};
		709FDFC92DCA6ADC00185FE3 /* PBXContainerItemProxy */ = {
			isa = PBXContainerItemProxy;
			containerPortal = 709FDFA72DCA6AD900185FE3 /* Project object */;
			proxyType = 1;
			remoteGlobalIDString = 709FDFAE2DCA6AD900185FE3;
			remoteInfo = PeeLog;
		};
/* End PBXContainerItemProxy section */

/* Begin PBXCopyFilesBuildPhase section */
		705210CC2E9645BA003CC707 /* Embed Foundation Extensions */ = {
			isa = PBXCopyFilesBuildPhase;
			buildActionMask = 2147483647;
			dstPath = "";
			dstSubfolderSpec = 13;
			files = (
				705210C72E9645BA003CC707 /* PeeLogWidgetExtension.appex in Embed Foundation Extensions */,
			);
			name = "Embed Foundation Extensions";
			runOnlyForDeploymentPostprocessing = 0;
		};
/* End PBXCopyFilesBuildPhase section */

/* Begin PBXFileReference section */
		705210B22E9645B8003CC707 /* PeeLogWidgetExtension.appex */ = {isa = PBXFileReference; explicitFileType = "wrapper.app-extension"; includeInIndex = 0; path = PeeLogWidgetExtension.appex; sourceTree = BUILT_PRODUCTS_DIR; };
		705210B32E9645B8003CC707 /* WidgetKit.framework */ = {isa = PBXFileReference; lastKnownFileType = wrapper.framework; name = WidgetKit.framework; path = System/Library/Frameworks/WidgetKit.framework; sourceTree = SDKROOT; };
		705210B52E9645B8003CC707 /* SwiftUI.framework */ = {isa = PBXFileReference; lastKnownFileType = wrapper.framework; name = SwiftUI.framework; path = System/Library/Frameworks/SwiftUI.framework; sourceTree = SDKROOT; };
		705210D22E964BD9003CC707 /* PeeLogWidgetExtension.entitlements */ = {isa = PBXFileReference; lastKnownFileType = text.plist.entitlements; path = PeeLogWidgetExtension.entitlements; sourceTree = "<group>"; };
		709FDFAF2DCA6AD900185FE3 /* PeeLog.app */ = {isa = PBXFileReference; explicitFileType = wrapper.application; includeInIndex = 0; path = PeeLog.app; sourceTree = BUILT_PRODUCTS_DIR; };
		709FDFBE2DCA6ADC00185FE3 /* PeeLogTests.xctest */ = {isa = PBXFileReference; explicitFileType = wrapper.cfbundle; includeInIndex = 0; path = PeeLogTests.xctest; sourceTree = BUILT_PRODUCTS_DIR; };
		709FDFC82DCA6ADC00185FE3 /* PeeLogUITests.xctest */ = {isa = PBXFileReference; explicitFileType = wrapper.cfbundle; includeInIndex = 0; path = PeeLogUITests.xctest; sourceTree = BUILT_PRODUCTS_DIR; };
		70C1D20E2F1CB00800F21C94 /* PeeLogStoreKit.storekit */ = {isa = PBXFileReference; lastKnownFileType = text; path = PeeLogStoreKit.storekit; sourceTree = "<group>"; };
/* End PBXFileReference section */

/* Begin PBXFileSystemSynchronizedBuildFileExceptionSet section */
		705210CB2E9645BA003CC707 /* Exceptions for "PeeLogWidget" folder in "PeeLogWidgetExtension" target */ = {
			isa = PBXFileSystemSynchronizedBuildFileExceptionSet;
			membershipExceptions = (
				Info.plist,
			);
			target = 705210B12E9645B8003CC707 /* PeeLogWidgetExtension */;
		};
		705210CE2E96462B003CC707 /* Exceptions for "PeeLog" folder in "PeeLogWidgetExtension" target */ = {
			isa = PBXFileSystemSynchronizedBuildFileExceptionSet;
			membershipExceptions = (
				Domain/Entities/PeeQuality.swift,
				Domain/Utilities/QuickLogQueue.swift,
				Domain/Utilities/QuickLogSettings.swift,
				Domain/Utilities/SharedStorage.swift,
			);
			target = 705210B12E9645B8003CC707 /* PeeLogWidgetExtension */;
		};
		709FE0172DCA6C9F00185FE3 /* Exceptions for "PeeLog" folder in "PeeLog" target */ = {
			isa = PBXFileSystemSynchronizedBuildFileExceptionSet;
			membershipExceptions = (
				Info.plist,
			);
			target = 709FDFAE2DCA6AD900185FE3 /* PeeLog */;
		};
/* End PBXFileSystemSynchronizedBuildFileExceptionSet section */

/* Begin PBXFileSystemSynchronizedRootGroup section */
		705210B72E9645B8003CC707 /* PeeLogWidget */ = {
			isa = PBXFileSystemSynchronizedRootGroup;
			exceptions = (
				705210CB2E9645BA003CC707 /* Exceptions for "PeeLogWidget" folder in "PeeLogWidgetExtension" target */,
			);
			path = PeeLogWidget;
			sourceTree = "<group>";
		};
		709FDFB12DCA6AD900185FE3 /* PeeLog */ = {
			isa = PBXFileSystemSynchronizedRootGroup;
			exceptions = (
				709FE0172DCA6C9F00185FE3 /* Exceptions for "PeeLog" folder in "PeeLog" target */,
				705210CE2E96462B003CC707 /* Exceptions for "PeeLog" folder in "PeeLogWidgetExtension" target */,
			);
			path = PeeLog;
			sourceTree = "<group>";
		};
		709FDFC12DCA6ADC00185FE3 /* PeeLogTests */ = {
			isa = PBXFileSystemSynchronizedRootGroup;
			path = PeeLogTests;
			sourceTree = "<group>";
		};
		709FDFCB2DCA6ADC00185FE3 /* PeeLogUITests */ = {
			isa = PBXFileSystemSynchronizedRootGroup;
			path = PeeLogUITests;
			sourceTree = "<group>";
		};
/* End PBXFileSystemSynchronizedRootGroup section */

/* Begin PBXFrameworksBuildPhase section */
		705210AF2E9645B8003CC707 /* Frameworks */ = {
			isa = PBXFrameworksBuildPhase;
			buildActionMask = 2147483647;
			files = (
				705210B62E9645B8003CC707 /* SwiftUI.framework in Frameworks */,
				705210B42E9645B8003CC707 /* WidgetKit.framework in Frameworks */,
			);
			runOnlyForDeploymentPostprocessing = 0;
		};
		709FDFAC2DCA6AD900185FE3 /* Frameworks */ = {
			isa = PBXFrameworksBuildPhase;
			buildActionMask = 2147483647;
			files = (
				701E50AE2F1D1ABF00A4F241 /* Lottie in Frameworks */,
				70C2FFA32E2CE06200878AED /* FirebaseAnalytics in Frameworks */,
				70C2FFA52E2CE06200878AED /* FirebaseAuth in Frameworks */,
				70A2EA942E472D83002D4947 /* FirebaseFirestore in Frameworks */,
				70D2AA132F1A2B3C4D5E6F70 /* FirebaseFunctions in Frameworks */,
			);
			runOnlyForDeploymentPostprocessing = 0;
		};
		709FDFBB2DCA6ADC00185FE3 /* Frameworks */ = {
			isa = PBXFrameworksBuildPhase;
			buildActionMask = 2147483647;
			files = (
			);
			runOnlyForDeploymentPostprocessing = 0;
		};
		709FDFC52DCA6ADC00185FE3 /* Frameworks */ = {
			isa = PBXFrameworksBuildPhase;
			buildActionMask = 2147483647;
			files = (
			);
			runOnlyForDeploymentPostprocessing = 0;
		};
/* End PBXFrameworksBuildPhase section */

/* Begin PBXGroup section */
		709FDFA62DCA6AD900185FE3 = {
			isa = PBXGroup;
			children = (
				70C1D20E2F1CB00800F21C94 /* PeeLogStoreKit.storekit */,
				705210D22E964BD9003CC707 /* PeeLogWidgetExtension.entitlements */,
				709FDFB12DCA6AD900185FE3 /* PeeLog */,
				709FDFC12DCA6ADC00185FE3 /* PeeLogTests */,
				709FDFCB2DCA6ADC00185FE3 /* PeeLogUITests */,
				705210B72E9645B8003CC707 /* PeeLogWidget */,
				70FF9C352E095C9F00529313 /* Frameworks */,
				709FDFB02DCA6AD900185FE3 /* Products */,
			);
			sourceTree = "<group>";
		};
		709FDFB02DCA6AD900185FE3 /* Products */ = {
			isa = PBXGroup;
			children = (
				709FDFAF2DCA6AD900185FE3 /* PeeLog.app */,
				709FDFBE2DCA6ADC00185FE3 /* PeeLogTests.xctest */,
				709FDFC82DCA6ADC00185FE3 /* PeeLogUITests.xctest */,
				705210B22E9645B8003CC707 /* PeeLogWidgetExtension.appex */,
			);
			name = Products;
			sourceTree = "<group>";
		};
		70FF9C352E095C9F00529313 /* Frameworks */ = {
			isa = PBXGroup;
			children = (
				705210B32E9645B8003CC707 /* WidgetKit.framework */,
				705210B52E9645B8003CC707 /* SwiftUI.framework */,
			);
			name = Frameworks;
			sourceTree = "<group>";
		};
/* End PBXGroup section */

/* Begin PBXNativeTarget section */
		705210B12E9645B8003CC707 /* PeeLogWidgetExtension */ = {
			isa = PBXNativeTarget;
			buildConfigurationList = 705210C82E9645BA003CC707 /* Build configuration list for PBXNativeTarget "PeeLogWidgetExtension" */;
			buildPhases = (
				705210AE2E9645B8003CC707 /* Sources */,
				705210AF2E9645B8003CC707 /* Frameworks */,
				705210B02E9645B8003CC707 /* Resources */,
			);
			buildRules = (
			);
			dependencies = (
			);
			fileSystemSynchronizedGroups = (
				705210B72E9645B8003CC707 /* PeeLogWidget */,
			);
			name = PeeLogWidgetExtension;
			packageProductDependencies = (
			);
			productName = PeeLogWidgetExtension;
			productReference = 705210B22E9645B8003CC707 /* PeeLogWidgetExtension.appex */;
			productType = "com.apple.product-type.app-extension";
		};
		709FDFAE2DCA6AD900185FE3 /* PeeLog */ = {
			isa = PBXNativeTarget;
			buildConfigurationList = 709FDFD22DCA6ADC00185FE3 /* Build configuration list for PBXNativeTarget "PeeLog" */;
			buildPhases = (
				709FDFAB2DCA6AD900185FE3 /* Sources */,
				709FDFAC2DCA6AD900185FE3 /* Frameworks */,
				709FDFAD2DCA6AD900185FE3 /* Resources */,
				705210CC2E9645BA003CC707 /* Embed Foundation Extensions */,
			);
			buildRules = (
			);
			dependencies = (
				705210C62E9645BA003CC707 /* PBXTargetDependency */,
			);
			fileSystemSynchronizedGroups = (
				709FDFB12DCA6AD900185FE3 /* PeeLog */,
			);
			name = PeeLog;
			packageProductDependencies = (
				70C2FFA22E2CE06200878AED /* FirebaseAnalytics */,
				70C2FFA42E2CE06200878AED /* FirebaseAuth */,
				70A2EA932E472D83002D4947 /* FirebaseFirestore */,
				70D2AA112F1A2B3C4D5E6F70 /* FirebaseFunctions */,
				701E50AD2F1D1ABF00A4F241 /* Lottie */,
			);
			productName = PeeLog;
			productReference = 709FDFAF2DCA6AD900185FE3 /* PeeLog.app */;
			productType = "com.apple.product-type.application";
		};
		709FDFBD2DCA6ADC00185FE3 /* PeeLogTests */ = {
			isa = PBXNativeTarget;
			buildConfigurationList = 709FDFD52DCA6ADC00185FE3 /* Build configuration list for PBXNativeTarget "PeeLogTests" */;
			buildPhases = (
				709FDFBA2DCA6ADC00185FE3 /* Sources */,
				709FDFBB2DCA6ADC00185FE3 /* Frameworks */,
				709FDFBC2DCA6ADC00185FE3 /* Resources */,
			);
			buildRules = (
			);
			dependencies = (
				709FDFC02DCA6ADC00185FE3 /* PBXTargetDependency */,
			);
			fileSystemSynchronizedGroups = (
				709FDFC12DCA6ADC00185FE3 /* PeeLogTests */,
			);
			name = PeeLogTests;
			packageProductDependencies = (
			);
			productName = PeeLogTests;
			productReference = 709FDFBE2DCA6ADC00185FE3 /* PeeLogTests.xctest */;
			productType = "com.apple.product-type.bundle.unit-test";
		};
		709FDFC72DCA6ADC00185FE3 /* PeeLogUITests */ = {
			isa = PBXNativeTarget;
			buildConfigurationList = 709FDFD82DCA6ADC00185FE3 /* Build configuration list for PBXNativeTarget "PeeLogUITests" */;
			buildPhases = (
				709FDFC42DCA6ADC00185FE3 /* Sources */,
				709FDFC52DCA6ADC00185FE3 /* Frameworks */,
				709FDFC62DCA6ADC00185FE3 /* Resources */,
			);
			buildRules = (
			);
			dependencies = (
				709FDFCA2DCA6ADC00185FE3 /* PBXTargetDependency */,
			);
			fileSystemSynchronizedGroups = (
				709FDFCB2DCA6ADC00185FE3 /* PeeLogUITests */,
			);
			name = PeeLogUITests;
			packageProductDependencies = (
			);
			productName = PeeLogUITests;
			productReference = 709FDFC82DCA6ADC00185FE3 /* PeeLogUITests.xctest */;
			productType = "com.apple.product-type.bundle.ui-testing";
		};
/* End PBXNativeTarget section */

/* Begin PBXProject section */
		709FDFA72DCA6AD900185FE3 /* Project object */ = {
			isa = PBXProject;
			attributes = {
				BuildIndependentTargetsInParallel = 1;
				LastSwiftUpdateCheck = 2600;
				LastUpgradeCheck = 1630;
				TargetAttributes = {
					705210B12E9645B8003CC707 = {
						CreatedOnToolsVersion = 26.0.1;
					};
					709FDFAE2DCA6AD900185FE3 = {
						CreatedOnToolsVersion = 16.3;
					};
					709FDFBD2DCA6ADC00185FE3 = {
						CreatedOnToolsVersion = 16.3;
						TestTargetID = 709FDFAE2DCA6AD900185FE3;
					};
					709FDFC72DCA6ADC00185FE3 = {
						CreatedOnToolsVersion = 16.3;
						TestTargetID = 709FDFAE2DCA6AD900185FE3;
					};
				};
			};
			buildConfigurationList = 709FDFAA2DCA6AD900185FE3 /* Build configuration list for PBXProject "PeeLog" */;
			developmentRegion = en;
			hasScannedForEncodings = 0;
			knownRegions = (
				en,
				Base,
			);
			mainGroup = 709FDFA62DCA6AD900185FE3;
			minimizedProjectReferenceProxies = 1;
			packageReferences = (
				70C2FFA12E2CE04500878AED /* XCRemoteSwiftPackageReference "firebase-ios-sdk" */,
				701E50AC2F1D1ABF00A4F241 /* XCRemoteSwiftPackageReference "lottie-ios" */,
			);
			preferredProjectObjectVersion = 77;
			productRefGroup = 709FDFB02DCA6AD900185FE3 /* Products */;
			projectDirPath = "";
			projectRoot = "";
			targets = (
				709FDFAE2DCA6AD900185FE3 /* PeeLog */,
				709FDFBD2DCA6ADC00185FE3 /* PeeLogTests */,
				709FDFC72DCA6ADC00185FE3 /* PeeLogUITests */,
				705210B12E9645B8003CC707 /* PeeLogWidgetExtension */,
			);
		};
/* End PBXProject section */

/* Begin PBXResourcesBuildPhase section */
		705210B02E9645B8003CC707 /* Resources */ = {
			isa = PBXResourcesBuildPhase;
			buildActionMask = 2147483647;
			files = (
			);
			runOnlyForDeploymentPostprocessing = 0;
		};
		709FDFAD2DCA6AD900185FE3 /* Resources */ = {
			isa = PBXResourcesBuildPhase;
			buildActionMask = 2147483647;
			files = (
				70C1D20F2F1CB00800F21C94 /* PeeLogStoreKit.storekit in Resources */,
			);
			runOnlyForDeploymentPostprocessing = 0;
		};
		709FDFBC2DCA6ADC00185FE3 /* Resources */ = {
			isa = PBXResourcesBuildPhase;
			buildActionMask = 2147483647;
			files = (
			);
			runOnlyForDeploymentPostprocessing = 0;
		};
		709FDFC62DCA6ADC00185FE3 /* Resources */ = {
			isa = PBXResourcesBuildPhase;
			buildActionMask = 2147483647;
			files = (
			);
			runOnlyForDeploymentPostprocessing = 0;
		};
/* End PBXResourcesBuildPhase section */

/* Begin PBXSourcesBuildPhase section */
		705210AE2E9645B8003CC707 /* Sources */ = {
			isa = PBXSourcesBuildPhase;
			buildActionMask = 2147483647;
			files = (
			);
			runOnlyForDeploymentPostprocessing = 0;
		};
		709FDFAB2DCA6AD900185FE3 /* Sources */ = {
			isa = PBXSourcesBuildPhase;
			buildActionMask = 2147483647;
			files = (
			);
			runOnlyForDeploymentPostprocessing = 0;
		};
		709FDFBA2DCA6ADC00185FE3 /* Sources */ = {
			isa = PBXSourcesBuildPhase;
			buildActionMask = 2147483647;
			files = (
			);
			runOnlyForDeploymentPostprocessing = 0;
		};
		709FDFC42DCA6ADC00185FE3 /* Sources */ = {
			isa = PBXSourcesBuildPhase;
			buildActionMask = 2147483647;
			files = (
			);
			runOnlyForDeploymentPostprocessing = 0;
		};
/* End PBXSourcesBuildPhase section */

/* Begin PBXTargetDependency section */
		705210C62E9645BA003CC707 /* PBXTargetDependency */ = {
			isa = PBXTargetDependency;
			target = 705210B12E9645B8003CC707 /* PeeLogWidgetExtension */;
			targetProxy = 705210C52E9645BA003CC707 /* PBXContainerItemProxy */;
		};
		709FDFC02DCA6ADC00185FE3 /* PBXTargetDependency */ = {
			isa = PBXTargetDependency;
			target = 709FDFAE2DCA6AD900185FE3 /* PeeLog */;
			targetProxy = 709FDFBF2DCA6ADC00185FE3 /* PBXContainerItemProxy */;
		};
		709FDFCA2DCA6ADC00185FE3 /* PBXTargetDependency */ = {
			isa = PBXTargetDependency;
			target = 709FDFAE2DCA6AD900185FE3 /* PeeLog */;
			targetProxy = 709FDFC92DCA6ADC00185FE3 /* PBXContainerItemProxy */;
		};
/* End PBXTargetDependency section */

/* Begin XCBuildConfiguration section */
		705210C92E9645BA003CC707 /* Debug */ = {
			isa = XCBuildConfiguration;
			buildSettings = {
				ASSETCATALOG_COMPILER_GLOBAL_ACCENT_COLOR_NAME = AccentColor;
				ASSETCATALOG_COMPILER_WIDGET_BACKGROUND_COLOR_NAME = WidgetBackground;
				CODE_SIGN_ENTITLEMENTS = PeeLogWidgetExtension.entitlements;
				CODE_SIGN_IDENTITY = "Apple Development";
				CODE_SIGN_STYLE = Automatic;
				CURRENT_PROJECT_VERSION = 1;
				DEVELOPMENT_TEAM = C625QPFG8X;
				GENERATE_INFOPLIST_FILE = YES;
				INFOPLIST_FILE = PeeLogWidget/Info.plist;
				INFOPLIST_KEY_CFBundleDisplayName = PeeLogWidget;
				INFOPLIST_KEY_NSHumanReadableCopyright = "";
				IPHONEOS_DEPLOYMENT_TARGET = 26.0;
				LD_RUNPATH_SEARCH_PATHS = (
					"$(inherited)",
					"@executable_path/Frameworks",
					"@executable_path/../../Frameworks",
				);
				MARKETING_VERSION = 1.0;
				OTHER_SWIFT_FLAGS = "-D WIDGETS_BUILD";
				PRODUCT_BUNDLE_IDENTIFIER = com.arrinal.PeeLog.PeeLogWidget;
				PRODUCT_NAME = "$(TARGET_NAME)";
				SKIP_INSTALL = YES;
				STRING_CATALOG_GENERATE_SYMBOLS = YES;
				SWIFT_APPROACHABLE_CONCURRENCY = YES;
				SWIFT_EMIT_LOC_STRINGS = YES;
				SWIFT_UPCOMING_FEATURE_MEMBER_IMPORT_VISIBILITY = YES;
				SWIFT_VERSION = 5.0;
				TARGETED_DEVICE_FAMILY = "1,2";
			};
			name = Debug;
		};
		705210CA2E9645BA003CC707 /* Release */ = {
			isa = XCBuildConfiguration;
			buildSettings = {
				ASSETCATALOG_COMPILER_GLOBAL_ACCENT_COLOR_NAME = AccentColor;
				ASSETCATALOG_COMPILER_WIDGET_BACKGROUND_COLOR_NAME = WidgetBackground;
				CODE_SIGN_ENTITLEMENTS = PeeLogWidgetExtension.entitlements;
				CODE_SIGN_IDENTITY = "Apple Development";
				CODE_SIGN_STYLE = Automatic;
				CURRENT_PROJECT_VERSION = 1;
				DEVELOPMENT_TEAM = C625QPFG8X;
				GENERATE_INFOPLIST_FILE = YES;
				INFOPLIST_FILE = PeeLogWidget/Info.plist;
				INFOPLIST_KEY_CFBundleDisplayName = PeeLogWidget;
				INFOPLIST_KEY_NSHumanReadableCopyright = "";
				IPHONEOS_DEPLOYMENT_TARGET = 26.0;
				LD_RUNPATH_SEARCH_PATHS = (
					"$(inherited)",
					"@executable_path/Frameworks",
					"@executable_path/../../Frameworks",
				);
				MARKETING_VERSION = 1.0;
				OTHER_SWIFT_FLAGS = "-D WIDGETS_BUILD";
				PRODUCT_BUNDLE_IDENTIFIER = com.arrinal.PeeLog.PeeLogWidget;
				PRODUCT_NAME = "$(TARGET_NAME)";
				SKIP_INSTALL = YES;
				STRING_CATALOG_GENERATE_SYMBOLS = YES;
				SWIFT_APPROACHABLE_CONCURRENCY = YES;
				SWIFT_EMIT_LOC_STRINGS = YES;
				SWIFT_UPCOMING_FEATURE_MEMBER_IMPORT_VISIBILITY = YES;
				SWIFT_VERSION = 5.0;
				TARGETED_DEVICE_FAMILY = "1,2";
			};
			name = Release;
		};
		709FDFD02DCA6ADC00185FE3 /* Debug */ = {
			isa = XCBuildConfiguration;
			buildSettings = {
				ALWAYS_SEARCH_USER_PATHS = NO;
				ASSETCATALOG_COMPILER_GENERATE_SWIFT_ASSET_SYMBOL_EXTENSIONS = YES;
				CLANG_ANALYZER_NONNULL = YES;
				CLANG_ANALYZER_NUMBER_OBJECT_CONVERSION = YES_AGGRESSIVE;
				CLANG_CXX_LANGUAGE_STANDARD = "gnu++20";
				CLANG_ENABLE_MODULES = YES;
				CLANG_ENABLE_OBJC_ARC = YES;
				CLANG_ENABLE_OBJC_WEAK = YES;
				CLANG_WARN_BLOCK_CAPTURE_AUTORELEASING = YES;
				CLANG_WARN_BOOL_CONVERSION = YES;
				CLANG_WARN_COMMA = YES;
				CLANG_WARN_CONSTANT_CONVERSION = YES;
				CLANG_WARN_DEPRECATED_OBJC_IMPLEMENTATIONS = YES;
				CLANG_WARN_DIRECT_OBJC_ISA_USAGE = YES_ERROR;
				CLANG_WARN_DOCUMENTATION_COMMENTS = YES;
				CLANG_WARN_EMPTY_BODY = YES;
				CLANG_WARN_ENUM_CONVERSION = YES;
				CLANG_WARN_INFINITE_RECURSION = YES;
				CLANG_WARN_INT_CONVERSION = YES;
				CLANG_WARN_NON_LITERAL_NULL_CONVERSION = YES;
				CLANG_WARN_OBJC_IMPLICIT_RETAIN_SELF = YES;
				CLANG_WARN_OBJC_LITERAL_CONVERSION = YES;
				CLANG_WARN_OBJC_ROOT_CLASS = YES_ERROR;
				CLANG_WARN_QUOTED_INCLUDE_IN_FRAMEWORK_HEADER = YES;
				CLANG_WARN_RANGE_LOOP_ANALYSIS = YES;
				CLANG_WARN_STRICT_PROTOTYPES = YES;
				CLANG_WARN_SUSPICIOUS_MOVE = YES;
				CLANG_WARN_UNGUARDED_AVAILABILITY = YES_AGGRESSIVE;
				CLANG_WARN_UNREACHABLE_CODE = YES;
				CLANG_WARN__DUPLICATE_METHOD_MATCH = YES;
				COPY_PHASE_STRIP = NO;
				DEBUG_INFORMATION_FORMAT = dwarf;
				DEVELOPMENT_TEAM = C625QPFG8X;
				ENABLE_STRICT_OBJC_MSGSEND = YES;
				ENABLE_TESTABILITY = YES;
				ENABLE_USER_SCRIPT_SANDBOXING = YES;
				GCC_C_LANGUAGE_STANDARD = gnu17;
				GCC_DYNAMIC_NO_PIC = NO;
				GCC_NO_COMMON_BLOCKS = YES;
				GCC_OPTIMIZATION_LEVEL = 0;
				GCC_PREPROCESSOR_DEFINITIONS = (
					"DEBUG=1",
					"$(inherited)",
				);
				GCC_WARN_64_TO_32_BIT_CONVERSION = YES;
				GCC_WARN_ABOUT_RETURN_TYPE = YES_ERROR;
				GCC_WARN_UNDECLARED_SELECTOR = YES;
				GCC_WARN_UNINITIALIZED_AUTOS = YES_AGGRESSIVE;
				GCC_WARN_UNUSED_FUNCTION = YES;
				GCC_WARN_UNUSED_VARIABLE = YES;
				IPHONEOS_DEPLOYMENT_TARGET = 17.0;
				LOCALIZATION_PREFERS_STRING_CATALOGS = YES;
				MTL_ENABLE_DEBUG_INFO = INCLUDE_SOURCE;
				MTL_FAST_MATH = YES;
				ONLY_ACTIVE_ARCH = YES;
				SDKROOT = iphoneos;
				SWIFT_ACTIVE_COMPILATION_CONDITIONS = "DEBUG $(inherited)";
				SWIFT_OPTIMIZATION_LEVEL = "-Onone";
			};
			name = Debug;
		};
		709FDFD12DCA6ADC00185FE3 /* Release */ = {
			isa = XCBuildConfiguration;
			buildSettings = {
				ALWAYS_SEARCH_USER_PATHS = NO;
				ASSETCATALOG_COMPILER_GENERATE_SWIFT_ASSET_SYMBOL_EXTENSIONS = YES;
				CLANG_ANALYZER_NONNULL = YES;
				CLANG_ANALYZER_NUMBER_OBJECT_CONVERSION = YES_AGGRESSIVE;
				CLANG_CXX_LANGUAGE_STANDARD = "gnu++20";
				CLANG_ENABLE_MODULES = YES;
				CLANG_ENABLE_OBJC_ARC = YES;
				CLANG_ENABLE_OBJC_WEAK = YES;
				CLANG_WARN_BLOCK_CAPTURE_AUTORELEASING = YES;
				CLANG_WARN_BOOL_CONVERSION = YES;
				CLANG_WARN_COMMA = YES;
				CLANG_WARN_CONSTANT_CONVERSION = YES;
				CLANG_WARN_DEPRECATED_OBJC_IMPLEMENTATIONS = YES;
				CLANG_WARN_DIRECT_OBJC_ISA_USAGE = YES_ERROR;
				CLANG_WARN_DOCUMENTATION_COMMENTS = YES;
				CLANG_WARN_EMPTY_BODY = YES;
				CLANG_WARN_ENUM_CONVERSION = YES;
				CLANG_WARN_INFINITE_RECURSION = YES;
				CLANG_WARN_INT_CONVERSION = YES;
				CLANG_WARN_NON_LITERAL_NULL_CONVERSION = YES;
				CLANG_WARN_OBJC_IMPLICIT_RETAIN_SELF = YES;
				CLANG_WARN_OBJC_LITERAL_CONVERSION = YES;
				CLANG_WARN_OBJC_ROOT_CLASS = YES_ERROR;
				CLANG_WARN_QUOTED_INCLUDE_IN_FRAMEWORK_HEADER = YES;
				CLANG_WARN_RANGE_LOOP_ANALYSIS = YES;
				CLANG_WARN_STRICT_PROTOTYPES = YES;
				CLANG_WARN_SUSPICIOUS_MOVE = YES;
				CLANG_WARN_UNGUARDED_AVAILABILITY = YES_AGGRESSIVE;
				CLANG_WARN_UNREACHABLE_CODE = YES;
				CLANG_WARN__DUPLICATE_METHOD_MATCH = YES;
				COPY_PHASE_STRIP = NO;
				DEBUG_INFORMATION_FORMAT = "dwarf-with-dsym";
				DEVELOPMENT_TEAM = C625QPFG8X;
				ENABLE_NS_ASSERTIONS = NO;
				ENABLE_STRICT_OBJC_MSGSEND = YES;
				ENABLE_USER_SCRIPT_SANDBOXING = YES;
				GCC_C_LANGUAGE_STANDARD = gnu17;
				GCC_NO_COMMON_BLOCKS = YES;
				GCC_WARN_64_TO_32_BIT_CONVERSION = YES;
				GCC_WARN_ABOUT_RETURN_TYPE = YES_ERROR;
				GCC_WARN_UNDECLARED_SELECTOR = YES;
				GCC_WARN_UNINITIALIZED_AUTOS = YES_AGGRESSIVE;
				GCC_WARN_UNUSED_FUNCTION = YES;
				GCC_WARN_UNUSED_VARIABLE = YES;
				IPHONEOS_DEPLOYMENT_TARGET = 17.0;
				LOCALIZATION_PREFERS_STRING_CATALOGS = YES;
				MTL_ENABLE_DEBUG_INFO = NO;
				MTL_FAST_MATH = YES;
				SDKROOT = iphoneos;
				SWIFT_COMPILATION_MODE = wholemodule;
				VALIDATE_PRODUCT = YES;
			};
			name = Release;
		};
		709FDFD32DCA6ADC00185FE3 /* Debug */ = {
			isa = XCBuildConfiguration;
			buildSettings = {
				ASSETCATALOG_COMPILER_APPICON_NAME = AppIcon;
				ASSETCATALOG_COMPILER_GLOBAL_ACCENT_COLOR_NAME = AccentColor;
				CODE_SIGN_ENTITLEMENTS = PeeLog/PeeLog.entitlements;
				CODE_SIGN_IDENTITY = "Apple Development";
				CODE_SIGN_STYLE = Automatic;
				CURRENT_PROJECT_VERSION = 1;
				DEVELOPMENT_TEAM = C625QPFG8X;
				ENABLE_PREVIEWS = YES;
				GENERATE_INFOPLIST_FILE = YES;
				INFOPLIST_FILE = PeeLog/Info.plist;
				INFOPLIST_KEY_LSApplicationCategoryType = "public.app-category.healthcare-fitness";
				INFOPLIST_KEY_NSLocationAlwaysAndWhenInUseUsageDescription = "Pee Tracker needs your location to record where pee events occurred.";
				INFOPLIST_KEY_NSLocationAlwaysUsageDescription = "Pee Tracker needs your location to record where pee events occurred.";
				INFOPLIST_KEY_NSLocationWhenInUseUsageDescription = "Pee Tracker needs your location to record where pee events occurred.";
				INFOPLIST_KEY_UIApplicationSceneManifest_Generation = YES;
				INFOPLIST_KEY_UIApplicationSupportsIndirectInputEvents = YES;
				INFOPLIST_KEY_UILaunchScreen_Generation = YES;
				INFOPLIST_KEY_UISupportedInterfaceOrientations = UIInterfaceOrientationPortrait;
				INFOPLIST_KEY_UISupportedInterfaceOrientations_iPad = "UIInterfaceOrientationPortrait UIInterfaceOrientationPortraitUpsideDown";
				IPHONEOS_DEPLOYMENT_TARGET = 17.0;
				LD_RUNPATH_SEARCH_PATHS = (
					"$(inherited)",
					"@executable_path/Frameworks",
				);
				MARKETING_VERSION = 1.0;
				PRODUCT_BUNDLE_IDENTIFIER = com.arrinal.PeeLog;
				PRODUCT_NAME = "$(TARGET_NAME)";
				PROVISIONING_PROFILE_SPECIFIER = "";
				SWIFT_EMIT_LOC_STRINGS = YES;
				SWIFT_VERSION = 6.0;
				TARGETED_DEVICE_FAMILY = "1,2";
			};
			name = Debug;
		};
		709FDFD42DCA6ADC00185FE3 /* Release */ = {
			isa = XCBuildConfiguration;
			buildSettings = {
				ASSETCATALOG_COMPILER_APPICON_NAME = AppIcon;
				ASSETCATALOG_COMPILER_GLOBAL_ACCENT_COLOR_NAME = AccentColor;
				CODE_SIGN_ENTITLEMENTS = PeeLog/PeeLog.entitlements;
				CODE_SIGN_IDENTITY = "Apple Development";
				CODE_SIGN_STYLE = Automatic;
				CURRENT_PROJECT_VERSION = 1;
				DEVELOPMENT_TEAM = C625QPFG8X;
				ENABLE_PREVIEWS = YES;
				GENERATE_INFOPLIST_FILE = YES;
				INFOPLIST_FILE = PeeLog/Info.plist;
				INFOPLIST_KEY_LSApplicationCategoryType = "public.app-category.healthcare-fitness";
				INFOPLIST_KEY_NSLocationAlwaysAndWhenInUseUsageDescription = "Pee Tracker needs your location to record where pee events occurred.";
				INFOPLIST_KEY_NSLocationAlwaysUsageDescription = "Pee Tracker needs your location to record where pee events occurred.";
				INFOPLIST_KEY_NSLocationWhenInUseUsageDescription = "Pee Tracker needs your location to record where pee events occurred.";
				INFOPLIST_KEY_UIApplicationSceneManifest_Generation = YES;
				INFOPLIST_KEY_UIApplicationSupportsIndirectInputEvents = YES;
				INFOPLIST_KEY_UILaunchScreen_Generation = YES;
				INFOPLIST_KEY_UISupportedInterfaceOrientations = UIInterfaceOrientationPortrait;
				INFOPLIST_KEY_UISupportedInterfaceOrientations_iPad = "UIInterfaceOrientationPortrait UIInterfaceOrientationPortraitUpsideDown";
				IPHONEOS_DEPLOYMENT_TARGET = 17.0;
				LD_RUNPATH_SEARCH_PATHS = (
					"$(inherited)",
					"@executable_path/Frameworks",
				);
				MARKETING_VERSION = 1.0;
				PRODUCT_BUNDLE_IDENTIFIER = com.arrinal.PeeLog;
				PRODUCT_NAME = "$(TARGET_NAME)";
				PROVISIONING_PROFILE_SPECIFIER = "";
				SWIFT_EMIT_LOC_STRINGS = YES;
				SWIFT_VERSION = 6.0;
				TARGETED_DEVICE_FAMILY = "1,2";
			};
			name = Release;
		};
		709FDFD62DCA6ADC00185FE3 /* Debug */ = {
			isa = XCBuildConfiguration;
			buildSettings = {
				BUNDLE_LOADER = "$(TEST_HOST)";
				CODE_SIGN_STYLE = Automatic;
				CURRENT_PROJECT_VERSION = 1;
				DEVELOPMENT_TEAM = C625QPFG8X;
				GENERATE_INFOPLIST_FILE = YES;
				IPHONEOS_DEPLOYMENT_TARGET = 17.0;
				MARKETING_VERSION = 1.0;
				PRODUCT_BUNDLE_IDENTIFIER = com.arrinal.PeeLogTests;
				PRODUCT_NAME = "$(TARGET_NAME)";
				SWIFT_EMIT_LOC_STRINGS = NO;
				SWIFT_VERSION = 6.0;
				TARGETED_DEVICE_FAMILY = "1,2";
				TEST_HOST = "$(BUILT_PRODUCTS_DIR)/PeeLog.app/$(BUNDLE_EXECUTABLE_FOLDER_PATH)/PeeLog";
			};
			name = Debug;
		};
		709FDFD72DCA6ADC00185FE3 /* Release */ = {
			isa = XCBuildConfiguration;
			buildSettings = {
				BUNDLE_LOADER = "$(TEST_HOST)";
				CODE_SIGN_STYLE = Automatic;
				CURRENT_PROJECT_VERSION = 1;
				DEVELOPMENT_TEAM = C625QPFG8X;
				GENERATE_INFOPLIST_FILE = YES;
				IPHONEOS_DEPLOYMENT_TARGET = 17.0;
				MARKETING_VERSION = 1.0;
				PRODUCT_BUNDLE_IDENTIFIER = com.arrinal.PeeLogTests;
				PRODUCT_NAME = "$(TARGET_NAME)";
				SWIFT_EMIT_LOC_STRINGS = NO;
				SWIFT_VERSION = 6.0;
				TARGETED_DEVICE_FAMILY = "1,2";
				TEST_HOST = "$(BUILT_PRODUCTS_DIR)/PeeLog.app/$(BUNDLE_EXECUTABLE_FOLDER_PATH)/PeeLog";
			};
			name = Release;
		};
		709FDFD92DCA6ADC00185FE3 /* Debug */ = {
			isa = XCBuildConfiguration;
			buildSettings = {
				CODE_SIGN_STYLE = Automatic;
				CURRENT_PROJECT_VERSION = 1;
				DEVELOPMENT_TEAM = C625QPFG8X;
				GENERATE_INFOPLIST_FILE = YES;
				IPHONEOS_DEPLOYMENT_TARGET = 17.0;
				MARKETING_VERSION = 1.0;
				PRODUCT_BUNDLE_IDENTIFIER = com.arrinal.PeeLogUITests;
				PRODUCT_NAME = "$(TARGET_NAME)";
				SWIFT_EMIT_LOC_STRINGS = NO;
				SWIFT_VERSION = 6.0;
				TARGETED_DEVICE_FAMILY = "1,2";
				TEST_TARGET_NAME = PeeLog;
			};
			name = Debug;
		};
		709FDFDA2DCA6ADC00185FE3 /* Release */ = {
			isa = XCBuildConfiguration;
			buildSettings = {
				CODE_SIGN_STYLE = Automatic;
				CURRENT_PROJECT_VERSION = 1;
				DEVELOPMENT_TEAM = C625QPFG8X;
				GENERATE_INFOPLIST_FILE = YES;
				IPHONEOS_DEPLOYMENT_TARGET = 17.0;
				MARKETING_VERSION = 1.0;
				PRODUCT_BUNDLE_IDENTIFIER = com.arrinal.PeeLogUITests;
				PRODUCT_NAME = "$(TARGET_NAME)";
				SWIFT_EMIT_LOC_STRINGS = NO;
				SWIFT_VERSION = 6.0;
				TARGETED_DEVICE_FAMILY = "1,2";
				TEST_TARGET_NAME = PeeLog;
			};
			name = Release;
		};
/* End XCBuildConfiguration section */

/* Begin XCConfigurationList section */
		705210C82E9645BA003CC707 /* Build configuration list for PBXNativeTarget "PeeLogWidgetExtension" */ = {
			isa = XCConfigurationList;
			buildConfigurations = (
				705210C92E9645BA003CC707 /* Debug */,
				705210CA2E9645BA003CC707 /* Release */,
			);
			defaultConfigurationIsVisible = 0;
			defaultConfigurationName = Release;
		};
		709FDFAA2DCA6AD900185FE3 /* Build configuration list for PBXProject "PeeLog" */ = {
			isa = XCConfigurationList;
			buildConfigurations = (
				709FDFD02DCA6ADC00185FE3 /* Debug */,
				709FDFD12DCA6ADC00185FE3 /* Release */,
			);
			defaultConfigurationIsVisible = 0;
			defaultConfigurationName = Release;
		};
		709FDFD22DCA6ADC00185FE3 /* Build configuration list for PBXNativeTarget "PeeLog" */ = {
			isa = XCConfigurationList;
			buildConfigurations = (
				709FDFD32DCA6ADC00185FE3 /* Debug */,
				709FDFD42DCA6ADC00185FE3 /* Release */,
			);
			defaultConfigurationIsVisible = 0;
			defaultConfigurationName = Release;
		};
		709FDFD52DCA6ADC00185FE3 /* Build configuration list for PBXNativeTarget "PeeLogTests" */ = {
			isa = XCConfigurationList;
			buildConfigurations = (
				709FDFD62DCA6ADC00185FE3 /* Debug */,
				709FDFD72DCA6ADC00185FE3 /* Release */,
			);
			defaultConfigurationIsVisible = 0;
			defaultConfigurationName = Release;
		};
		709FDFD82DCA6ADC00185FE3 /* Build configuration list for PBXNativeTarget "PeeLogUITests" */ = {
			isa = XCConfigurationList;
			buildConfigurations = (
				709FDFD92DCA6ADC00185FE3 /* Debug */,
				709FDFDA2DCA6ADC00185FE3 /* Release */,
			);
			defaultConfigurationIsVisible = 0;
			defaultConfigurationName = Release;
		};
/* End XCConfigurationList section */

/* Begin XCRemoteSwiftPackageReference section */
		701E50AC2F1D1ABF00A4F241 /* XCRemoteSwiftPackageReference "lottie-ios" */ = {
			isa = XCRemoteSwiftPackageReference;
			repositoryURL = "https://github.com/airbnb/lottie-ios.git";
			requirement = {
				kind = exactVersion;
				version = 4.6.0;
			};
		};
		70C2FFA12E2CE04500878AED /* XCRemoteSwiftPackageReference "firebase-ios-sdk" */ = {
			isa = XCRemoteSwiftPackageReference;
			repositoryURL = "https://github.com/firebase/firebase-ios-sdk";
			requirement = {
				kind = upToNextMajorVersion;
				minimumVersion = 12.0.0;
			};
		};
/* End XCRemoteSwiftPackageReference section */

/* Begin XCSwiftPackageProductDependency section */
		701E50AD2F1D1ABF00A4F241 /* Lottie */ = {
			isa = XCSwiftPackageProductDependency;
			package = 701E50AC2F1D1ABF00A4F241 /* XCRemoteSwiftPackageReference "lottie-ios" */;
			productName = Lottie;
		};
		70A2EA932E472D83002D4947 /* FirebaseFirestore */ = {
			isa = XCSwiftPackageProductDependency;
			package = 70C2FFA12E2CE04500878AED /* XCRemoteSwiftPackageReference "firebase-ios-sdk" */;
			productName = FirebaseFirestore;
		};
		70C2FFA22E2CE06200878AED /* FirebaseAnalytics */ = {
			isa = XCSwiftPackageProductDependency;
			package = 70C2FFA12E2CE04500878AED /* XCRemoteSwiftPackageReference "firebase-ios-sdk" */;
			productName = FirebaseAnalytics;
		};
		70C2FFA42E2CE06200878AED /* FirebaseAuth */ = {
			isa = XCSwiftPackageProductDependency;
			package = 70C2FFA12E2CE04500878AED /* XCRemoteSwiftPackageReference "firebase-ios-sdk" */;
			productName = FirebaseAuth;
		};
		70D2AA112F1A2B3C4D5E6F70 /* FirebaseFunctions */ = {
			isa = XCSwiftPackageProductDependency;
			package = 70C2FFA12E2CE04500878AED /* XCRemoteSwiftPackageReference "firebase-ios-sdk" */;
			productName = FirebaseFunctions;
		};
/* End XCSwiftPackageProductDependency section */
	};
	rootObject = 709FDFA72DCA6AD900185FE3 /* Project object */;
}
